
Microsoft Visual Studio Solution File, Format Version 12.00
# Visual Studio Version 17
VisualStudioVersion = 17.4.33110.190
MinimumVisualStudioVersion = 10.0.40219.1
Project("{9A19103F-16F7-4668-BE54-9A1E7A4F7556}") = "EvoSharp.Domain.UnitTests", "EvoSharp.Domain.UnitTests\EvoSharp.Domain.UnitTests.csproj", "{03B141D1-7D28-43CE-8E31-13D8E8014A98}"
EndProject
Project("{9A19103F-16F7-4668-BE54-9A1E7A4F7556}") = "EvoSharp.Domain", "EvoSharp.Domain\EvoSharp.Domain.csproj", "{7852D522-2EBB-433A-A6FC-361A0530B0CF}"
EndProject
Global
	GlobalSection(SolutionConfigurationPlatforms) = preSolution
		Debug|Any CPU = Debug|Any CPU
		Release|Any CPU = Release|Any CPU
	EndGlobalSection
	GlobalSection(ProjectConfigurationPlatforms) = postSolution
		{03B141D1-7D28-43CE-8E31-13D8E8014A98}.Debug|Any CPU.ActiveCfg = Debug|Any CPU
		{03B141D1-7D28-43CE-8E31-13D8E8014A98}.Debug|Any CPU.Build.0 = Debug|Any CPU
		{03B141D1-7D28-43CE-8E31-13D8E8014A98}.Release|Any CPU.ActiveCfg = Release|Any CPU
		{03B141D1-7D28-43CE-8E31-13D8E8014A98}.Release|Any CPU.Build.0 = Release|Any CPU
		{7852D522-2EBB-433A-A6FC-361A0530B0CF}.Debug|Any CPU.ActiveCfg = Debug|Any CPU
		{7852D522-2EBB-433A-A6FC-361A0530B0CF}.Debug|Any CPU.Build.0 = Debug|Any CPU
		{7852D522-2EBB-433A-A6FC-361A0530B0CF}.Release|Any CPU.ActiveCfg = Release|Any CPU
		{7852D522-2EBB-433A-A6FC-361A0530B0CF}.Release|Any CPU.Build.0 = Release|Any CPU
	EndGlobalSection
	GlobalSection(SolutionProperties) = preSolution
		HideSolutionNode = FALSE
	EndGlobalSection
	GlobalSection(ExtensibilityGlobals) = postSolution
		SolutionGuid = {41DFFE94-1AC9-4FC5-B147-70400B82F1ED}
	EndGlobalSection
EndGlobal
